// !$*UTF8*$!
{
	archiveVersion = 1;
	classes = {
	};
	objectVersion = 56;
	objects = {

/* Begin PBXBuildFile section */
		FBA9D05F2B7B936A00FDF616 /* AppDelegate.swift in Sources */ = {isa = PBXBuildFile; fileRef = FBA9D05E2B7B936A00FDF616 /* AppDelegate.swift */; };
		FBA9D0612B7B936A00FDF616 /* SceneDelegate.swift in Sources */ = {isa = PBXBuildFile; fileRef = FBA9D0602B7B936A00FDF616 /* SceneDelegate.swift */; };
		FBA9D0682B7B936E00FDF616 /* Assets.xcassets in Resources */ = {isa = PBXBuildFile; fileRef = FBA9D0672B7B936E00FDF616 /* Assets.xcassets */; };
		FBA9D06B2B7B936E00FDF616 /* LaunchScreen.storyboard in Resources */ = {isa = PBXBuildFile; fileRef = FBA9D0692B7B936E00FDF616 /* LaunchScreen.storyboard */; };
		FBA9D0752B7B94D400FDF616 /* RootCoordinator.swift in Sources */ = {isa = PBXBuildFile; fileRef = FBA9D0742B7B94D400FDF616 /* RootCoordinator.swift */; };
		FBA9D0772B7B94F000FDF616 /* RootTabBarController.swift in Sources */ = {isa = PBXBuildFile; fileRef = FBA9D0762B7B94F000FDF616 /* RootTabBarController.swift */; };
		FBA9D07A2B7B95D400FDF616 /* HomeCoordinator.swift in Sources */ = {isa = PBXBuildFile; fileRef = FBA9D0792B7B95D400FDF616 /* HomeCoordinator.swift */; };
		FBA9D07C2B7B95E000FDF616 /* HomeView.swift in Sources */ = {isa = PBXBuildFile; fileRef = FBA9D07B2B7B95E000FDF616 /* HomeView.swift */; };
		FBA9D07E2B7BB1BC00FDF616 /* HomeViewModel.swift in Sources */ = {isa = PBXBuildFile; fileRef = FBA9D07D2B7BB1BC00FDF616 /* HomeViewModel.swift */; };
		FBA9D0802B7BB5DA00FDF616 /* HomeService.swift in Sources */ = {isa = PBXBuildFile; fileRef = FBA9D07F2B7BB5DA00FDF616 /* HomeService.swift */; };
		FBA9D0832B7BCA4800FDF616 /* SongDetailsView.swift in Sources */ = {isa = PBXBuildFile; fileRef = FBA9D0822B7BCA4800FDF616 /* SongDetailsView.swift */; };
		FBA9D0852B7BCA6700FDF616 /* SongDetailsCoordinator.swift in Sources */ = {isa = PBXBuildFile; fileRef = FBA9D0842B7BCA6700FDF616 /* SongDetailsCoordinator.swift */; };
		FBA9D0872B7BCBB900FDF616 /* SongDetailsViewModel.swift in Sources */ = {isa = PBXBuildFile; fileRef = FBA9D0862B7BCBB900FDF616 /* SongDetailsViewModel.swift */; };
		FBA9D08A2B7BD00A00FDF616 /* ArtistDetailsView.swift in Sources */ = {isa = PBXBuildFile; fileRef = FBA9D0892B7BD00A00FDF616 /* ArtistDetailsView.swift */; };
		FBA9D08C2B7BD01A00FDF616 /* ArtistDetailsCoordinator.swift in Sources */ = {isa = PBXBuildFile; fileRef = FBA9D08B2B7BD01A00FDF616 /* ArtistDetailsCoordinator.swift */; };
		FBA9D08E2B7BD18F00FDF616 /* ArtistDetailsViewModel.swift in Sources */ = {isa = PBXBuildFile; fileRef = FBA9D08D2B7BD18F00FDF616 /* ArtistDetailsViewModel.swift */; };
		FBA9D0902B7BD1F800FDF616 /* ArtistService.swift in Sources */ = {isa = PBXBuildFile; fileRef = FBA9D08F2B7BD1F800FDF616 /* ArtistService.swift */; };
		FBA9D0932B7CC47100FDF616 /* AnalyticsEventTracker.swift in Sources */ = {isa = PBXBuildFile; fileRef = FBA9D0922B7CC47100FDF616 /* AnalyticsEventTracker.swift */; };
		FBA9D0982B7CD20A00FDF616 /* Localizable.strings in Resources */ = {isa = PBXBuildFile; fileRef = FBA9D09A2B7CD20A00FDF616 /* Localizable.strings */; };
		FBA9D09E2B7CD25300FDF616 /* String+localised.swift in Sources */ = {isa = PBXBuildFile; fileRef = FBA9D09D2B7CD25300FDF616 /* String+localised.swift */; };
		FBA9D0AF2B7CD3D200FDF616 /* HomeViewModelTests.swift in Sources */ = {isa = PBXBuildFile; fileRef = FBA9D0AE2B7CD3D200FDF616 /* HomeViewModelTests.swift */; };
		FBA9D0B12B7CD6A200FDF616 /* HomeServiceTestMock.swift in Sources */ = {isa = PBXBuildFile; fileRef = FBA9D0B02B7CD6A200FDF616 /* HomeServiceTestMock.swift */; };
		FBA9D0B42B7CF52C00FDF616 /* SongDetailsViewModelTests.swift in Sources */ = {isa = PBXBuildFile; fileRef = FBA9D0B32B7CF52C00FDF616 /* SongDetailsViewModelTests.swift */; };
		FBA9D0B72B7CFAE700FDF616 /* ArtistDetailsViewModelTests.swift in Sources */ = {isa = PBXBuildFile; fileRef = FBA9D0B62B7CFAE700FDF616 /* ArtistDetailsViewModelTests.swift */; };
		FBA9D0B92B7CFB7900FDF616 /* ArtistServiceTestMock.swift in Sources */ = {isa = PBXBuildFile; fileRef = FBA9D0B82B7CFB7900FDF616 /* ArtistServiceTestMock.swift */; };
		FBA9D0BC2B7DFB5000FDF616 /* AnalyticsEventName.swift in Sources */ = {isa = PBXBuildFile; fileRef = FBA9D0BB2B7DFB5000FDF616 /* AnalyticsEventName.swift */; };
		FBA9D0BE2B7DFB7200FDF616 /* AnalyticsEvent.swift in Sources */ = {isa = PBXBuildFile; fileRef = FBA9D0BD2B7DFB7200FDF616 /* AnalyticsEvent.swift */; };
		FBA9D0C02B7DFB8000FDF616 /* AnalyticsEventTracking.swift in Sources */ = {isa = PBXBuildFile; fileRef = FBA9D0BF2B7DFB8000FDF616 /* AnalyticsEventTracking.swift */; };
		FBA9D0C22B7DFB9B00FDF616 /* AnalyticsEventTrackerMock.swift in Sources */ = {isa = PBXBuildFile; fileRef = FBA9D0C12B7DFB9B00FDF616 /* AnalyticsEventTrackerMock.swift */; };
/* End PBXBuildFile section */

/* Begin PBXContainerItemProxy section */
		FBA9D0A72B7CD3B100FDF616 /* PBXContainerItemProxy */ = {
			isa = PBXContainerItemProxy;
			containerPortal = FBA9D0532B7B936A00FDF616 /* Project object */;
			proxyType = 1;
			remoteGlobalIDString = FBA9D05A2B7B936A00FDF616;
			remoteInfo = ModularisationStarter;
		};
/* End PBXContainerItemProxy section */

/* Begin PBXFileReference section */
		FBA9D05B2B7B936A00FDF616 /* ModularisationStarter.app */ = {isa = PBXFileReference; explicitFileType = wrapper.application; includeInIndex = 0; path = ModularisationStarter.app; sourceTree = BUILT_PRODUCTS_DIR; };
		FBA9D05E2B7B936A00FDF616 /* AppDelegate.swift */ = {isa = PBXFileReference; lastKnownFileType = sourcecode.swift; path = AppDelegate.swift; sourceTree = "<group>"; };
		FBA9D0602B7B936A00FDF616 /* SceneDelegate.swift */ = {isa = PBXFileReference; lastKnownFileType = sourcecode.swift; path = SceneDelegate.swift; sourceTree = "<group>"; };
		FBA9D0672B7B936E00FDF616 /* Assets.xcassets */ = {isa = PBXFileReference; lastKnownFileType = folder.assetcatalog; path = Assets.xcassets; sourceTree = "<group>"; };
		FBA9D06A2B7B936E00FDF616 /* Base */ = {isa = PBXFileReference; lastKnownFileType = file.storyboard; name = Base; path = Base.lproj/LaunchScreen.storyboard; sourceTree = "<group>"; };
		FBA9D06C2B7B936E00FDF616 /* Info.plist */ = {isa = PBXFileReference; lastKnownFileType = text.plist.xml; path = Info.plist; sourceTree = "<group>"; };
		FBA9D0742B7B94D400FDF616 /* RootCoordinator.swift */ = {isa = PBXFileReference; lastKnownFileType = sourcecode.swift; path = RootCoordinator.swift; sourceTree = "<group>"; };
		FBA9D0762B7B94F000FDF616 /* RootTabBarController.swift */ = {isa = PBXFileReference; lastKnownFileType = sourcecode.swift; path = RootTabBarController.swift; sourceTree = "<group>"; };
		FBA9D0792B7B95D400FDF616 /* HomeCoordinator.swift */ = {isa = PBXFileReference; lastKnownFileType = sourcecode.swift; path = HomeCoordinator.swift; sourceTree = "<group>"; };
		FBA9D07B2B7B95E000FDF616 /* HomeView.swift */ = {isa = PBXFileReference; lastKnownFileType = sourcecode.swift; path = HomeView.swift; sourceTree = "<group>"; };
		FBA9D07D2B7BB1BC00FDF616 /* HomeViewModel.swift */ = {isa = PBXFileReference; lastKnownFileType = sourcecode.swift; path = HomeViewModel.swift; sourceTree = "<group>"; };
		FBA9D07F2B7BB5DA00FDF616 /* HomeService.swift */ = {isa = PBXFileReference; lastKnownFileType = sourcecode.swift; path = HomeService.swift; sourceTree = "<group>"; };
		FBA9D0822B7BCA4800FDF616 /* SongDetailsView.swift */ = {isa = PBXFileReference; lastKnownFileType = sourcecode.swift; path = SongDetailsView.swift; sourceTree = "<group>"; };
		FBA9D0842B7BCA6700FDF616 /* SongDetailsCoordinator.swift */ = {isa = PBXFileReference; lastKnownFileType = sourcecode.swift; path = SongDetailsCoordinator.swift; sourceTree = "<group>"; };
		FBA9D0862B7BCBB900FDF616 /* SongDetailsViewModel.swift */ = {isa = PBXFileReference; lastKnownFileType = sourcecode.swift; path = SongDetailsViewModel.swift; sourceTree = "<group>"; };
		FBA9D0892B7BD00A00FDF616 /* ArtistDetailsView.swift */ = {isa = PBXFileReference; lastKnownFileType = sourcecode.swift; path = ArtistDetailsView.swift; sourceTree = "<group>"; };
		FBA9D08B2B7BD01A00FDF616 /* ArtistDetailsCoordinator.swift */ = {isa = PBXFileReference; lastKnownFileType = sourcecode.swift; path = ArtistDetailsCoordinator.swift; sourceTree = "<group>"; };
		FBA9D08D2B7BD18F00FDF616 /* ArtistDetailsViewModel.swift */ = {isa = PBXFileReference; lastKnownFileType = sourcecode.swift; path = ArtistDetailsViewModel.swift; sourceTree = "<group>"; };
		FBA9D08F2B7BD1F800FDF616 /* ArtistService.swift */ = {isa = PBXFileReference; lastKnownFileType = sourcecode.swift; path = ArtistService.swift; sourceTree = "<group>"; };
		FBA9D0922B7CC47100FDF616 /* AnalyticsEventTracker.swift */ = {isa = PBXFileReference; lastKnownFileType = sourcecode.swift; path = AnalyticsEventTracker.swift; sourceTree = "<group>"; };
		FBA9D0992B7CD20A00FDF616 /* en */ = {isa = PBXFileReference; lastKnownFileType = text.plist.strings; name = en; path = en.lproj/Localizable.strings; sourceTree = "<group>"; };
		FBA9D09B2B7CD21300FDF616 /* tr */ = {isa = PBXFileReference; lastKnownFileType = text.plist.strings; name = tr; path = tr.lproj/Localizable.strings; sourceTree = "<group>"; };
		FBA9D09D2B7CD25300FDF616 /* String+localised.swift */ = {isa = PBXFileReference; lastKnownFileType = sourcecode.swift; path = "String+localised.swift"; sourceTree = "<group>"; };
		FBA9D0A32B7CD3B100FDF616 /* ModularisationStarterTests.xctest */ = {isa = PBXFileReference; explicitFileType = wrapper.cfbundle; includeInIndex = 0; path = ModularisationStarterTests.xctest; sourceTree = BUILT_PRODUCTS_DIR; };
		FBA9D0AE2B7CD3D200FDF616 /* HomeViewModelTests.swift */ = {isa = PBXFileReference; lastKnownFileType = sourcecode.swift; path = HomeViewModelTests.swift; sourceTree = "<group>"; };
		FBA9D0B02B7CD6A200FDF616 /* HomeServiceTestMock.swift */ = {isa = PBXFileReference; lastKnownFileType = sourcecode.swift; path = HomeServiceTestMock.swift; sourceTree = "<group>"; };
		FBA9D0B32B7CF52C00FDF616 /* SongDetailsViewModelTests.swift */ = {isa = PBXFileReference; lastKnownFileType = sourcecode.swift; path = SongDetailsViewModelTests.swift; sourceTree = "<group>"; };
		FBA9D0B62B7CFAE700FDF616 /* ArtistDetailsViewModelTests.swift */ = {isa = PBXFileReference; lastKnownFileType = sourcecode.swift; path = ArtistDetailsViewModelTests.swift; sourceTree = "<group>"; };
		FBA9D0B82B7CFB7900FDF616 /* ArtistServiceTestMock.swift */ = {isa = PBXFileReference; lastKnownFileType = sourcecode.swift; path = ArtistServiceTestMock.swift; sourceTree = "<group>"; };
		FBA9D0BB2B7DFB5000FDF616 /* AnalyticsEventName.swift */ = {isa = PBXFileReference; lastKnownFileType = sourcecode.swift; path = AnalyticsEventName.swift; sourceTree = "<group>"; };
		FBA9D0BD2B7DFB7200FDF616 /* AnalyticsEvent.swift */ = {isa = PBXFileReference; lastKnownFileType = sourcecode.swift; path = AnalyticsEvent.swift; sourceTree = "<group>"; };
		FBA9D0BF2B7DFB8000FDF616 /* AnalyticsEventTracking.swift */ = {isa = PBXFileReference; lastKnownFileType = sourcecode.swift; path = AnalyticsEventTracking.swift; sourceTree = "<group>"; };
		FBA9D0C12B7DFB9B00FDF616 /* AnalyticsEventTrackerMock.swift */ = {isa = PBXFileReference; lastKnownFileType = sourcecode.swift; path = AnalyticsEventTrackerMock.swift; sourceTree = "<group>"; };
		FBE2717F2B8F46E400652C5C /* ModularisationStarter.xctestplan */ = {isa = PBXFileReference; lastKnownFileType = text; path = ModularisationStarter.xctestplan; sourceTree = "<group>"; };
/* End PBXFileReference section */

/* Begin PBXFrameworksBuildPhase section */
		FBA9D0582B7B936A00FDF616 /* Frameworks */ = {
			isa = PBXFrameworksBuildPhase;
			buildActionMask = 2147483647;
			files = (
			);
			runOnlyForDeploymentPostprocessing = 0;
		};
		FBA9D0A02B7CD3B100FDF616 /* Frameworks */ = {
			isa = PBXFrameworksBuildPhase;
			buildActionMask = 2147483647;
			files = (
			);
			runOnlyForDeploymentPostprocessing = 0;
		};
/* End PBXFrameworksBuildPhase section */

/* Begin PBXGroup section */
		FBA9D0522B7B936A00FDF616 = {
			isa = PBXGroup;
			children = (
				FBE2717F2B8F46E400652C5C /* ModularisationStarter.xctestplan */,
				FBA9D05D2B7B936A00FDF616 /* ModularisationStarter */,
				FBA9D0A42B7CD3B100FDF616 /* ModularisationStarterTests */,
				FBA9D05C2B7B936A00FDF616 /* Products */,
			);
			sourceTree = "<group>";
		};
		FBA9D05C2B7B936A00FDF616 /* Products */ = {
			isa = PBXGroup;
			children = (
				FBA9D05B2B7B936A00FDF616 /* ModularisationStarter.app */,
				FBA9D0A32B7CD3B100FDF616 /* ModularisationStarterTests.xctest */,
			);
			name = Products;
			sourceTree = "<group>";
		};
		FBA9D05D2B7B936A00FDF616 /* ModularisationStarter */ = {
			isa = PBXGroup;
			children = (
				FBA9D09C2B7CD24700FDF616 /* Utilities */,
				FBA9D0952B7CD1D400FDF616 /* Localisation */,
				FBA9D0912B7CC45C00FDF616 /* Common */,
				FBA9D0722B7B94BC00FDF616 /* Modules */,
				FBA9D05E2B7B936A00FDF616 /* AppDelegate.swift */,
				FBA9D0602B7B936A00FDF616 /* SceneDelegate.swift */,
				FBA9D0672B7B936E00FDF616 /* Assets.xcassets */,
				FBA9D0692B7B936E00FDF616 /* LaunchScreen.storyboard */,
				FBA9D06C2B7B936E00FDF616 /* Info.plist */,
			);
			path = ModularisationStarter;
			sourceTree = "<group>";
		};
		FBA9D0722B7B94BC00FDF616 /* Modules */ = {
			isa = PBXGroup;
			children = (
				FBA9D0732B7B94C100FDF616 /* Root */,
				FBA9D0782B7B95C500FDF616 /* Home */,
				FBA9D0812B7BCA4000FDF616 /* SongDetails */,
				FBA9D0882B7BCFF400FDF616 /* ArtistDetails */,
			);
			path = Modules;
			sourceTree = "<group>";
		};
		FBA9D0732B7B94C100FDF616 /* Root */ = {
			isa = PBXGroup;
			children = (
				FBA9D0742B7B94D400FDF616 /* RootCoordinator.swift */,
				FBA9D0762B7B94F000FDF616 /* RootTabBarController.swift */,
			);
			path = Root;
			sourceTree = "<group>";
		};
		FBA9D0782B7B95C500FDF616 /* Home */ = {
			isa = PBXGroup;
			children = (
				FBA9D0792B7B95D400FDF616 /* HomeCoordinator.swift */,
				FBA9D07B2B7B95E000FDF616 /* HomeView.swift */,
				FBA9D07D2B7BB1BC00FDF616 /* HomeViewModel.swift */,
				FBA9D07F2B7BB5DA00FDF616 /* HomeService.swift */,
			);
			path = Home;
			sourceTree = "<group>";
		};
		FBA9D0812B7BCA4000FDF616 /* SongDetails */ = {
			isa = PBXGroup;
			children = (
				FBA9D0822B7BCA4800FDF616 /* SongDetailsView.swift */,
				FBA9D0842B7BCA6700FDF616 /* SongDetailsCoordinator.swift */,
				FBA9D0862B7BCBB900FDF616 /* SongDetailsViewModel.swift */,
			);
			path = SongDetails;
			sourceTree = "<group>";
		};
		FBA9D0882B7BCFF400FDF616 /* ArtistDetails */ = {
			isa = PBXGroup;
			children = (
				FBA9D0892B7BD00A00FDF616 /* ArtistDetailsView.swift */,
				FBA9D08B2B7BD01A00FDF616 /* ArtistDetailsCoordinator.swift */,
				FBA9D08D2B7BD18F00FDF616 /* ArtistDetailsViewModel.swift */,
				FBA9D08F2B7BD1F800FDF616 /* ArtistService.swift */,
			);
			path = ArtistDetails;
			sourceTree = "<group>";
		};
		FBA9D0912B7CC45C00FDF616 /* Common */ = {
			isa = PBXGroup;
			children = (
				FBA9D0BA2B7DFB4100FDF616 /* Analytics */,
			);
			path = Common;
			sourceTree = "<group>";
		};
		FBA9D0952B7CD1D400FDF616 /* Localisation */ = {
			isa = PBXGroup;
			children = (
				FBA9D09A2B7CD20A00FDF616 /* Localizable.strings */,
			);
			path = Localisation;
			sourceTree = "<group>";
		};
		FBA9D09C2B7CD24700FDF616 /* Utilities */ = {
			isa = PBXGroup;
			children = (
				FBA9D09D2B7CD25300FDF616 /* String+localised.swift */,
			);
			path = Utilities;
			sourceTree = "<group>";
		};
		FBA9D0A42B7CD3B100FDF616 /* ModularisationStarterTests */ = {
			isa = PBXGroup;
			children = (
				FBA9D0AC2B7CD3BB00FDF616 /* Modules */,
			);
			path = ModularisationStarterTests;
			sourceTree = "<group>";
		};
		FBA9D0AC2B7CD3BB00FDF616 /* Modules */ = {
			isa = PBXGroup;
			children = (
				FBA9D0B52B7CFADB00FDF616 /* ArtistDetails */,
				FBA9D0B22B7CF51B00FDF616 /* SongDetails */,
				FBA9D0AD2B7CD3C600FDF616 /* Home */,
			);
			path = Modules;
			sourceTree = "<group>";
		};
		FBA9D0AD2B7CD3C600FDF616 /* Home */ = {
			isa = PBXGroup;
			children = (
				FBA9D0AE2B7CD3D200FDF616 /* HomeViewModelTests.swift */,
				FBA9D0B02B7CD6A200FDF616 /* HomeServiceTestMock.swift */,
			);
			path = Home;
			sourceTree = "<group>";
		};
		FBA9D0B22B7CF51B00FDF616 /* SongDetails */ = {
			isa = PBXGroup;
			children = (
				FBA9D0B32B7CF52C00FDF616 /* SongDetailsViewModelTests.swift */,
			);
			path = SongDetails;
			sourceTree = "<group>";
		};
		FBA9D0B52B7CFADB00FDF616 /* ArtistDetails */ = {
			isa = PBXGroup;
			children = (
				FBA9D0B62B7CFAE700FDF616 /* ArtistDetailsViewModelTests.swift */,
				FBA9D0B82B7CFB7900FDF616 /* ArtistServiceTestMock.swift */,
			);
			path = ArtistDetails;
			sourceTree = "<group>";
		};
		FBA9D0BA2B7DFB4100FDF616 /* Analytics */ = {
			isa = PBXGroup;
			children = (
				FBA9D0922B7CC47100FDF616 /* AnalyticsEventTracker.swift */,
				FBA9D0BB2B7DFB5000FDF616 /* AnalyticsEventName.swift */,
				FBA9D0BD2B7DFB7200FDF616 /* AnalyticsEvent.swift */,
				FBA9D0BF2B7DFB8000FDF616 /* AnalyticsEventTracking.swift */,
				FBA9D0C12B7DFB9B00FDF616 /* AnalyticsEventTrackerMock.swift */,
			);
			path = Analytics;
			sourceTree = "<group>";
		};
/* End PBXGroup section */

/* Begin PBXNativeTarget section */
		FBA9D05A2B7B936A00FDF616 /* ModularisationStarter */ = {
			isa = PBXNativeTarget;
			buildConfigurationList = FBA9D06F2B7B936E00FDF616 /* Build configuration list for PBXNativeTarget "ModularisationStarter" */;
			buildPhases = (
				FBA9D0572B7B936A00FDF616 /* Sources */,
				FBA9D0582B7B936A00FDF616 /* Frameworks */,
				FBA9D0592B7B936A00FDF616 /* Resources */,
			);
			buildRules = (
			);
			dependencies = (
			);
			name = ModularisationStarter;
			productName = ModularisationStarter;
			productReference = FBA9D05B2B7B936A00FDF616 /* ModularisationStarter.app */;
			productType = "com.apple.product-type.application";
		};
		FBA9D0A22B7CD3B100FDF616 /* ModularisationStarterTests */ = {
			isa = PBXNativeTarget;
			buildConfigurationList = FBA9D0A92B7CD3B100FDF616 /* Build configuration list for PBXNativeTarget "ModularisationStarterTests" */;
			buildPhases = (
				FBA9D09F2B7CD3B100FDF616 /* Sources */,
				FBA9D0A02B7CD3B100FDF616 /* Frameworks */,
				FBA9D0A12B7CD3B100FDF616 /* Resources */,
			);
			buildRules = (
			);
			dependencies = (
				FBA9D0A82B7CD3B100FDF616 /* PBXTargetDependency */,
			);
			name = ModularisationStarterTests;
			productName = ModularisationStarterTests;
			productReference = FBA9D0A32B7CD3B100FDF616 /* ModularisationStarterTests.xctest */;
			productType = "com.apple.product-type.bundle.unit-test";
		};
/* End PBXNativeTarget section */

/* Begin PBXProject section */
		FBA9D0532B7B936A00FDF616 /* Project object */ = {
			isa = PBXProject;
			attributes = {
				BuildIndependentTargetsInParallel = 1;
				LastSwiftUpdateCheck = 1510;
				LastUpgradeCheck = 1510;
				TargetAttributes = {
					FBA9D05A2B7B936A00FDF616 = {
						CreatedOnToolsVersion = 15.1;
					};
					FBA9D0A22B7CD3B100FDF616 = {
						CreatedOnToolsVersion = 15.1;
						TestTargetID = FBA9D05A2B7B936A00FDF616;
					};
				};
			};
			buildConfigurationList = FBA9D0562B7B936A00FDF616 /* Build configuration list for PBXProject "ModularisationStarter" */;
			compatibilityVersion = "Xcode 14.0";
			developmentRegion = en;
			hasScannedForEncodings = 0;
			knownRegions = (
				en,
				Base,
				tr,
			);
			mainGroup = FBA9D0522B7B936A00FDF616;
			productRefGroup = FBA9D05C2B7B936A00FDF616 /* Products */;
			projectDirPath = "";
			projectRoot = "";
			targets = (
				FBA9D05A2B7B936A00FDF616 /* ModularisationStarter */,
				FBA9D0A22B7CD3B100FDF616 /* ModularisationStarterTests */,
			);
		};
/* End PBXProject section */

/* Begin PBXResourcesBuildPhase section */
		FBA9D0592B7B936A00FDF616 /* Resources */ = {
			isa = PBXResourcesBuildPhase;
			buildActionMask = 2147483647;
			files = (
				FBA9D06B2B7B936E00FDF616 /* LaunchScreen.storyboard in Resources */,
				FBA9D0982B7CD20A00FDF616 /* Localizable.strings in Resources */,
				FBA9D0682B7B936E00FDF616 /* Assets.xcassets in Resources */,
			);
			runOnlyForDeploymentPostprocessing = 0;
		};
		FBA9D0A12B7CD3B100FDF616 /* Resources */ = {
			isa = PBXResourcesBuildPhase;
			buildActionMask = 2147483647;
			files = (
			);
			runOnlyForDeploymentPostprocessing = 0;
		};
/* End PBXResourcesBuildPhase section */

/* Begin PBXSourcesBuildPhase section */
		FBA9D0572B7B936A00FDF616 /* Sources */ = {
			isa = PBXSourcesBuildPhase;
			buildActionMask = 2147483647;
			files = (
				FBA9D0872B7BCBB900FDF616 /* SongDetailsViewModel.swift in Sources */,
				FBA9D0752B7B94D400FDF616 /* RootCoordinator.swift in Sources */,
				FBA9D05F2B7B936A00FDF616 /* AppDelegate.swift in Sources */,
				FBA9D07E2B7BB1BC00FDF616 /* HomeViewModel.swift in Sources */,
				FBA9D0932B7CC47100FDF616 /* AnalyticsEventTracker.swift in Sources */,
				FBA9D08E2B7BD18F00FDF616 /* ArtistDetailsViewModel.swift in Sources */,
				FBA9D07A2B7B95D400FDF616 /* HomeCoordinator.swift in Sources */,
				FBA9D0832B7BCA4800FDF616 /* SongDetailsView.swift in Sources */,
				FBA9D0C02B7DFB8000FDF616 /* AnalyticsEventTracking.swift in Sources */,
				FBA9D0C22B7DFB9B00FDF616 /* AnalyticsEventTrackerMock.swift in Sources */,
				FBA9D09E2B7CD25300FDF616 /* String+localised.swift in Sources */,
				FBA9D08A2B7BD00A00FDF616 /* ArtistDetailsView.swift in Sources */,
				FBA9D0902B7BD1F800FDF616 /* ArtistService.swift in Sources */,
				FBA9D07C2B7B95E000FDF616 /* HomeView.swift in Sources */,
				FBA9D0BE2B7DFB7200FDF616 /* AnalyticsEvent.swift in Sources */,
				FBA9D0612B7B936A00FDF616 /* SceneDelegate.swift in Sources */,
				FBA9D0802B7BB5DA00FDF616 /* HomeService.swift in Sources */,
				FBA9D0BC2B7DFB5000FDF616 /* AnalyticsEventName.swift in Sources */,
				FBA9D08C2B7BD01A00FDF616 /* ArtistDetailsCoordinator.swift in Sources */,
				FBA9D0852B7BCA6700FDF616 /* SongDetailsCoordinator.swift in Sources */,
				FBA9D0772B7B94F000FDF616 /* RootTabBarController.swift in Sources */,
			);
			runOnlyForDeploymentPostprocessing = 0;
		};
		FBA9D09F2B7CD3B100FDF616 /* Sources */ = {
			isa = PBXSourcesBuildPhase;
			buildActionMask = 2147483647;
			files = (
				FBA9D0B92B7CFB7900FDF616 /* ArtistServiceTestMock.swift in Sources */,
				FBA9D0B72B7CFAE700FDF616 /* ArtistDetailsViewModelTests.swift in Sources */,
				FBA9D0B42B7CF52C00FDF616 /* SongDetailsViewModelTests.swift in Sources */,
				FBA9D0B12B7CD6A200FDF616 /* HomeServiceTestMock.swift in Sources */,
				FBA9D0AF2B7CD3D200FDF616 /* HomeViewModelTests.swift in Sources */,
			);
			runOnlyForDeploymentPostprocessing = 0;
		};
/* End PBXSourcesBuildPhase section */

/* Begin PBXTargetDependency section */
		FBA9D0A82B7CD3B100FDF616 /* PBXTargetDependency */ = {
			isa = PBXTargetDependency;
			target = FBA9D05A2B7B936A00FDF616 /* ModularisationStarter */;
			targetProxy = FBA9D0A72B7CD3B100FDF616 /* PBXContainerItemProxy */;
		};
/* End PBXTargetDependency section */

/* Begin PBXVariantGroup section */
		FBA9D0692B7B936E00FDF616 /* LaunchScreen.storyboard */ = {
			isa = PBXVariantGroup;
			children = (
				FBA9D06A2B7B936E00FDF616 /* Base */,
			);
			name = LaunchScreen.storyboard;
			sourceTree = "<group>";
		};
		FBA9D09A2B7CD20A00FDF616 /* Localizable.strings */ = {
			isa = PBXVariantGroup;
			children = (
				FBA9D0992B7CD20A00FDF616 /* en */,
				FBA9D09B2B7CD21300FDF616 /* tr */,
			);
			name = Localizable.strings;
			sourceTree = "<group>";
		};
/* End PBXVariantGroup section */

/* Begin XCBuildConfiguration section */
		FBA9D06D2B7B936E00FDF616 /* Debug */ = {
			isa = XCBuildConfiguration;
			buildSettings = {
				ALWAYS_SEARCH_USER_PATHS = NO;
				ASSETCATALOG_COMPILER_GENERATE_SWIFT_ASSET_SYMBOL_EXTENSIONS = YES;
				CLANG_ANALYZER_LOCALIZABILITY_NONLOCALIZED = YES;
				CLANG_ANALYZER_NONNULL = YES;
				CLANG_ANALYZER_NUMBER_OBJECT_CONVERSION = YES_AGGRESSIVE;
				CLANG_CXX_LANGUAGE_STANDARD = "gnu++20";
				CLANG_ENABLE_MODULES = YES;
				CLANG_ENABLE_OBJC_ARC = YES;
				CLANG_ENABLE_OBJC_WEAK = YES;
				CLANG_WARN_BLOCK_CAPTURE_AUTORELEASING = YES;
				CLANG_WARN_BOOL_CONVERSION = YES;
				CLANG_WARN_COMMA = YES;
				CLANG_WARN_CONSTANT_CONVERSION = YES;
				CLANG_WARN_DEPRECATED_OBJC_IMPLEMENTATIONS = YES;
				CLANG_WARN_DIRECT_OBJC_ISA_USAGE = YES_ERROR;
				CLANG_WARN_DOCUMENTATION_COMMENTS = YES;
				CLANG_WARN_EMPTY_BODY = YES;
				CLANG_WARN_ENUM_CONVERSION = YES;
				CLANG_WARN_INFINITE_RECURSION = YES;
				CLANG_WARN_INT_CONVERSION = YES;
				CLANG_WARN_NON_LITERAL_NULL_CONVERSION = YES;
				CLANG_WARN_OBJC_IMPLICIT_RETAIN_SELF = YES;
				CLANG_WARN_OBJC_LITERAL_CONVERSION = YES;
				CLANG_WARN_OBJC_ROOT_CLASS = YES_ERROR;
				CLANG_WARN_QUOTED_INCLUDE_IN_FRAMEWORK_HEADER = YES;
				CLANG_WARN_RANGE_LOOP_ANALYSIS = YES;
				CLANG_WARN_STRICT_PROTOTYPES = YES;
				CLANG_WARN_SUSPICIOUS_MOVE = YES;
				CLANG_WARN_UNGUARDED_AVAILABILITY = YES_AGGRESSIVE;
				CLANG_WARN_UNREACHABLE_CODE = YES;
				CLANG_WARN__DUPLICATE_METHOD_MATCH = YES;
				COPY_PHASE_STRIP = NO;
				DEBUG_INFORMATION_FORMAT = dwarf;
				ENABLE_STRICT_OBJC_MSGSEND = YES;
				ENABLE_TESTABILITY = YES;
				ENABLE_USER_SCRIPT_SANDBOXING = YES;
				GCC_C_LANGUAGE_STANDARD = gnu17;
				GCC_DYNAMIC_NO_PIC = NO;
				GCC_NO_COMMON_BLOCKS = YES;
				GCC_OPTIMIZATION_LEVEL = 0;
				GCC_PREPROCESSOR_DEFINITIONS = (
					"DEBUG=1",
					"$(inherited)",
				);
				GCC_WARN_64_TO_32_BIT_CONVERSION = YES;
				GCC_WARN_ABOUT_RETURN_TYPE = YES_ERROR;
				GCC_WARN_UNDECLARED_SELECTOR = YES;
				GCC_WARN_UNINITIALIZED_AUTOS = YES_AGGRESSIVE;
				GCC_WARN_UNUSED_FUNCTION = YES;
				GCC_WARN_UNUSED_VARIABLE = YES;
				IPHONEOS_DEPLOYMENT_TARGET = 15;
				LOCALIZATION_PREFERS_STRING_CATALOGS = YES;
				MTL_ENABLE_DEBUG_INFO = INCLUDE_SOURCE;
				MTL_FAST_MATH = YES;
				ONLY_ACTIVE_ARCH = YES;
				SDKROOT = iphoneos;
				SWIFT_ACTIVE_COMPILATION_CONDITIONS = "DEBUG $(inherited)";
				SWIFT_OPTIMIZATION_LEVEL = "-Onone";
			};
			name = Debug;
		};
		FBA9D06E2B7B936E00FDF616 /* Release */ = {
			isa = XCBuildConfiguration;
			buildSettings = {
				ALWAYS_SEARCH_USER_PATHS = NO;
				ASSETCATALOG_COMPILER_GENERATE_SWIFT_ASSET_SYMBOL_EXTENSIONS = YES;
				CLANG_ANALYZER_LOCALIZABILITY_NONLOCALIZED = YES;
				CLANG_ANALYZER_NONNULL = YES;
				CLANG_ANALYZER_NUMBER_OBJECT_CONVERSION = YES_AGGRESSIVE;
				CLANG_CXX_LANGUAGE_STANDARD = "gnu++20";
				CLANG_ENABLE_MODULES = YES;
				CLANG_ENABLE_OBJC_ARC = YES;
				CLANG_ENABLE_OBJC_WEAK = YES;
				CLANG_WARN_BLOCK_CAPTURE_AUTORELEASING = YES;
				CLANG_WARN_BOOL_CONVERSION = YES;
				CLANG_WARN_COMMA = YES;
				CLANG_WARN_CONSTANT_CONVERSION = YES;
				CLANG_WARN_DEPRECATED_OBJC_IMPLEMENTATIONS = YES;
				CLANG_WARN_DIRECT_OBJC_ISA_USAGE = YES_ERROR;
				CLANG_WARN_DOCUMENTATION_COMMENTS = YES;
				CLANG_WARN_EMPTY_BODY = YES;
				CLANG_WARN_ENUM_CONVERSION = YES;
				CLANG_WARN_INFINITE_RECURSION = YES;
				CLANG_WARN_INT_CONVERSION = YES;
				CLANG_WARN_NON_LITERAL_NULL_CONVERSION = YES;
				CLANG_WARN_OBJC_IMPLICIT_RETAIN_SELF = YES;
				CLANG_WARN_OBJC_LITERAL_CONVERSION = YES;
				CLANG_WARN_OBJC_ROOT_CLASS = YES_ERROR;
				CLANG_WARN_QUOTED_INCLUDE_IN_FRAMEWORK_HEADER = YES;
				CLANG_WARN_RANGE_LOOP_ANALYSIS = YES;
				CLANG_WARN_STRICT_PROTOTYPES = YES;
				CLANG_WARN_SUSPICIOUS_MOVE = YES;
				CLANG_WARN_UNGUARDED_AVAILABILITY = YES_AGGRESSIVE;
				CLANG_WARN_UNREACHABLE_CODE = YES;
				CLANG_WARN__DUPLICATE_METHOD_MATCH = YES;
				COPY_PHASE_STRIP = NO;
				DEBUG_INFORMATION_FORMAT = "dwarf-with-dsym";
				ENABLE_NS_ASSERTIONS = NO;
				ENABLE_STRICT_OBJC_MSGSEND = YES;
				ENABLE_USER_SCRIPT_SANDBOXING = YES;
				GCC_C_LANGUAGE_STANDARD = gnu17;
				GCC_NO_COMMON_BLOCKS = YES;
				GCC_WARN_64_TO_32_BIT_CONVERSION = YES;
				GCC_WARN_ABOUT_RETURN_TYPE = YES_ERROR;
				GCC_WARN_UNDECLARED_SELECTOR = YES;
				GCC_WARN_UNINITIALIZED_AUTOS = YES_AGGRESSIVE;
				GCC_WARN_UNUSED_FUNCTION = YES;
				GCC_WARN_UNUSED_VARIABLE = YES;
				IPHONEOS_DEPLOYMENT_TARGET = 15;
				LOCALIZATION_PREFERS_STRING_CATALOGS = YES;
				MTL_ENABLE_DEBUG_INFO = NO;
				MTL_FAST_MATH = YES;
				SDKROOT = iphoneos;
				SWIFT_COMPILATION_MODE = wholemodule;
				VALIDATE_PRODUCT = YES;
			};
			name = Release;
		};
		FBA9D0702B7B936E00FDF616 /* Debug */ = {
			isa = XCBuildConfiguration;
			buildSettings = {
				ASSETCATALOG_COMPILER_APPICON_NAME = AppIcon;
				ASSETCATALOG_COMPILER_GLOBAL_ACCENT_COLOR_NAME = AccentColor;
				CODE_SIGN_STYLE = Automatic;
				CURRENT_PROJECT_VERSION = 1;
				GENERATE_INFOPLIST_FILE = YES;
				INFOPLIST_FILE = ModularisationStarter/Info.plist;
				INFOPLIST_KEY_UIApplicationSupportsIndirectInputEvents = YES;
				INFOPLIST_KEY_UILaunchStoryboardName = LaunchScreen;
				INFOPLIST_KEY_UISupportedInterfaceOrientations_iPad = "UIInterfaceOrientationPortrait UIInterfaceOrientationPortraitUpsideDown UIInterfaceOrientationLandscapeLeft UIInterfaceOrientationLandscapeRight";
				INFOPLIST_KEY_UISupportedInterfaceOrientations_iPhone = "UIInterfaceOrientationPortrait UIInterfaceOrientationLandscapeLeft UIInterfaceOrientationLandscapeRight";
				IPHONEOS_DEPLOYMENT_TARGET = 15;
				LD_RUNPATH_SEARCH_PATHS = (
					"$(inherited)",
					"@executable_path/Frameworks",
				);
				MARKETING_VERSION = 1.0;
				PRODUCT_BUNDLE_IDENTIFIER = com.pun.ModularisationStarter;
				PRODUCT_NAME = "$(TARGET_NAME)";
				SWIFT_EMIT_LOC_STRINGS = YES;
				SWIFT_VERSION = 5.0;
				TARGETED_DEVICE_FAMILY = "1,2";
			};
			name = Debug;
		};
		FBA9D0712B7B936E00FDF616 /* Release */ = {
			isa = XCBuildConfiguration;
			buildSettings = {
				ASSETCATALOG_COMPILER_APPICON_NAME = AppIcon;
				ASSETCATALOG_COMPILER_GLOBAL_ACCENT_COLOR_NAME = AccentColor;
				CODE_SIGN_STYLE = Automatic;
				CURRENT_PROJECT_VERSION = 1;
				GENERATE_INFOPLIST_FILE = YES;
				INFOPLIST_FILE = ModularisationStarter/Info.plist;
				INFOPLIST_KEY_UIApplicationSupportsIndirectInputEvents = YES;
				INFOPLIST_KEY_UILaunchStoryboardName = LaunchScreen;
				INFOPLIST_KEY_UISupportedInterfaceOrientations_iPad = "UIInterfaceOrientationPortrait UIInterfaceOrientationPortraitUpsideDown UIInterfaceOrientationLandscapeLeft UIInterfaceOrientationLandscapeRight";
				INFOPLIST_KEY_UISupportedInterfaceOrientations_iPhone = "UIInterfaceOrientationPortrait UIInterfaceOrientationLandscapeLeft UIInterfaceOrientationLandscapeRight";
				IPHONEOS_DEPLOYMENT_TARGET = 15;
				LD_RUNPATH_SEARCH_PATHS = (
					"$(inherited)",
					"@executable_path/Frameworks",
				);
				MARKETING_VERSION = 1.0;
				PRODUCT_BUNDLE_IDENTIFIER = com.pun.ModularisationStarter;
				PRODUCT_NAME = "$(TARGET_NAME)";
				SWIFT_EMIT_LOC_STRINGS = YES;
				SWIFT_VERSION = 5.0;
				TARGETED_DEVICE_FAMILY = "1,2";
			};
			name = Release;
		};
		FBA9D0AA2B7CD3B100FDF616 /* Debug */ = {
			isa = XCBuildConfiguration;
			buildSettings = {
				BUNDLE_LOADER = "$(TEST_HOST)";
				CODE_SIGN_STYLE = Automatic;
				CURRENT_PROJECT_VERSION = 1;
				GENERATE_INFOPLIST_FILE = YES;
				MARKETING_VERSION = 1.0;
				PRODUCT_BUNDLE_IDENTIFIER = com.pun.ModularisationStarterTests;
				PRODUCT_NAME = "$(TARGET_NAME)";
				SWIFT_EMIT_LOC_STRINGS = NO;
				SWIFT_VERSION = 5.0;
				TARGETED_DEVICE_FAMILY = "1,2";
				TEST_HOST = "$(BUILT_PRODUCTS_DIR)/ModularisationStarter.app/$(BUNDLE_EXECUTABLE_FOLDER_PATH)/ModularisationStarter";
			};
			name = Debug;
		};
		FBA9D0AB2B7CD3B100FDF616 /* Release */ = {
			isa = XCBuildConfiguration;
			buildSettings = {
				BUNDLE_LOADER = "$(TEST_HOST)";
				CODE_SIGN_STYLE = Automatic;
				CURRENT_PROJECT_VERSION = 1;
				GENERATE_INFOPLIST_FILE = YES;
				MARKETING_VERSION = 1.0;
				PRODUCT_BUNDLE_IDENTIFIER = com.pun.ModularisationStarterTests;
				PRODUCT_NAME = "$(TARGET_NAME)";
				SWIFT_EMIT_LOC_STRINGS = NO;
				SWIFT_VERSION = 5.0;
				TARGETED_DEVICE_FAMILY = "1,2";
				TEST_HOST = "$(BUILT_PRODUCTS_DIR)/ModularisationStarter.app/$(BUNDLE_EXECUTABLE_FOLDER_PATH)/ModularisationStarter";
			};
			name = Release;
		};
/* End XCBuildConfiguration section */

/* Begin XCConfigurationList section */
		FBA9D0562B7B936A00FDF616 /* Build configuration list for PBXProject "ModularisationStarter" */ = {
			isa = XCConfigurationList;
			buildConfigurations = (
				FBA9D06D2B7B936E00FDF616 /* Debug */,
				FBA9D06E2B7B936E00FDF616 /* Release */,
			);
			defaultConfigurationIsVisible = 0;
			defaultConfigurationName = Release;
		};
		FBA9D06F2B7B936E00FDF616 /* Build configuration list for PBXNativeTarget "ModularisationStarter" */ = {
			isa = XCConfigurationList;
			buildConfigurations = (
				FBA9D0702B7B936E00FDF616 /* Debug */,
				FBA9D0712B7B936E00FDF616 /* Release */,
			);
			defaultConfigurationIsVisible = 0;
			defaultConfigurationName = Release;
		};
		FBA9D0A92B7CD3B100FDF616 /* Build configuration list for PBXNativeTarget "ModularisationStarterTests" */ = {
			isa = XCConfigurationList;
			buildConfigurations = (
				FBA9D0AA2B7CD3B100FDF616 /* Debug */,
				FBA9D0AB2B7CD3B100FDF616 /* Release */,
			);
			defaultConfigurationIsVisible = 0;
			defaultConfigurationName = Release;
		};
/* End XCConfigurationList section */
	};
	rootObject = FBA9D0532B7B936A00FDF616 /* Project object */;
}
